// !$*UTF8*$!
{
	archiveVersion = 1;
	classes = {
	};
	objectVersion = 50;
	objects = {

/* Begin PBXBuildFile section */
		C897F4B426D59BB10039C5D4 /* AppDelegate.swift in Sources */ = {isa = PBXBuildFile; fileRef = C897F4B326D59BB10039C5D4 /* AppDelegate.swift */; };
		C897F4B626D59BB10039C5D4 /* SceneDelegate.swift in Sources */ = {isa = PBXBuildFile; fileRef = C897F4B526D59BB10039C5D4 /* SceneDelegate.swift */; };
		C897F4B826D59BB10039C5D4 /* ViewController.swift in Sources */ = {isa = PBXBuildFile; fileRef = C897F4B726D59BB10039C5D4 /* ViewController.swift */; };
		C897F4BB26D59BB10039C5D4 /* Main.storyboard in Resources */ = {isa = PBXBuildFile; fileRef = C897F4B926D59BB10039C5D4 /* Main.storyboard */; };
		C897F4BD26D59BB30039C5D4 /* Assets.xcassets in Resources */ = {isa = PBXBuildFile; fileRef = C897F4BC26D59BB30039C5D4 /* Assets.xcassets */; };
		C897F4C026D59BB30039C5D4 /* LaunchScreen.storyboard in Resources */ = {isa = PBXBuildFile; fileRef = C897F4BE26D59BB30039C5D4 /* LaunchScreen.storyboard */; };
		C897F4CB26D59BB30039C5D4 /* PreworkTests.swift in Sources */ = {isa = PBXBuildFile; fileRef = C897F4CA26D59BB30039C5D4 /* PreworkTests.swift */; };
		C897F4D626D59BB30039C5D4 /* PreworkUITests.swift in Sources */ = {isa = PBXBuildFile; fileRef = C897F4D526D59BB30039C5D4 /* PreworkUITests.swift */; };
/* End PBXBuildFile section */

/* Begin PBXContainerItemProxy section */
		C897F4C726D59BB30039C5D4 /* PBXContainerItemProxy */ = {
			isa = PBXContainerItemProxy;
			containerPortal = C897F4A826D59BB10039C5D4 /* Project object */;
			proxyType = 1;
			remoteGlobalIDString = C897F4AF26D59BB10039C5D4;
			remoteInfo = Prework;
		};
		C897F4D226D59BB30039C5D4 /* PBXContainerItemProxy */ = {
			isa = PBXContainerItemProxy;
			containerPortal = C897F4A826D59BB10039C5D4 /* Project object */;
			proxyType = 1;
			remoteGlobalIDString = C897F4AF26D59BB10039C5D4;
			remoteInfo = Prework;
		};
/* End PBXContainerItemProxy section */

/* Begin PBXFileReference section */
		C897F4B026D59BB10039C5D4 /* Prework.app */ = {isa = PBXFileReference; explicitFileType = wrapper.application; includeInIndex = 0; path = Prework.app; sourceTree = BUILT_PRODUCTS_DIR; };
		C897F4B326D59BB10039C5D4 /* AppDelegate.swift */ = {isa = PBXFileReference; lastKnownFileType = sourcecode.swift; path = AppDelegate.swift; sourceTree = "<group>"; };
		C897F4B526D59BB10039C5D4 /* SceneDelegate.swift */ = {isa = PBXFileReference; lastKnownFileType = sourcecode.swift; path = SceneDelegate.swift; sourceTree = "<group>"; };
		C897F4B726D59BB10039C5D4 /* ViewController.swift */ = {isa = PBXFileReference; lastKnownFileType = sourcecode.swift; path = ViewController.swift; sourceTree = "<group>"; };
		C897F4BA26D59BB10039C5D4 /* Base */ = {isa = PBXFileReference; lastKnownFileType = file.storyboard; name = Base; path = Base.lproj/Main.storyboard; sourceTree = "<group>"; };
		C897F4BC26D59BB30039C5D4 /* Assets.xcassets */ = {isa = PBXFileReference; lastKnownFileType = folder.assetcatalog; path = Assets.xcassets; sourceTree = "<group>"; };
		C897F4BF26D59BB30039C5D4 /* Base */ = {isa = PBXFileReference; lastKnownFileType = file.storyboard; name = Base; path = Base.lproj/LaunchScreen.storyboard; sourceTree = "<group>"; };
		C897F4C126D59BB30039C5D4 /* Info.plist */ = {isa = PBXFileReference; lastKnownFileType = text.plist.xml; path = Info.plist; sourceTree = "<group>"; };
		C897F4C626D59BB30039C5D4 /* PreworkTests.xctest */ = {isa = PBXFileReference; explicitFileType = wrapper.cfbundle; includeInIndex = 0; path = PreworkTests.xctest; sourceTree = BUILT_PRODUCTS_DIR; };
		C897F4CA26D59BB30039C5D4 /* PreworkTests.swift */ = {isa = PBXFileReference; lastKnownFileType = sourcecode.swift; path = PreworkTests.swift; sourceTree = "<group>"; };
		C897F4CC26D59BB30039C5D4 /* Info.plist */ = {isa = PBXFileReference; lastKnownFileType = text.plist.xml; path = Info.plist; sourceTree = "<group>"; };
		C897F4D126D59BB30039C5D4 /* PreworkUITests.xctest */ = {isa = PBXFileReference; explicitFileType = wrapper.cfbundle; includeInIndex = 0; path = PreworkUITests.xctest; sourceTree = BUILT_PRODUCTS_DIR; };
		C897F4D526D59BB30039C5D4 /* PreworkUITests.swift */ = {isa = PBXFileReference; lastKnownFileType = sourcecode.swift; path = PreworkUITests.swift; sourceTree = "<group>"; };
		C897F4D726D59BB30039C5D4 /* Info.plist */ = {isa = PBXFileReference; lastKnownFileType = text.plist.xml; path = Info.plist; sourceTree = "<group>"; };
/* End PBXFileReference section */

/* Begin PBXFrameworksBuildPhase section */
		C897F4AD26D59BB10039C5D4 /* Frameworks */ = {
			isa = PBXFrameworksBuildPhase;
			buildActionMask = 2147483647;
			files = (
			);
			runOnlyForDeploymentPostprocessing = 0;
		};
		C897F4C326D59BB30039C5D4 /* Frameworks */ = {
			isa = PBXFrameworksBuildPhase;
			buildActionMask = 2147483647;
			files = (
			);
			runOnlyForDeploymentPostprocessing = 0;
		};
		C897F4CE26D59BB30039C5D4 /* Frameworks */ = {
			isa = PBXFrameworksBuildPhase;
			buildActionMask = 2147483647;
			files = (
			);
			runOnlyForDeploymentPostprocessing = 0;
		};
/* End PBXFrameworksBuildPhase section */

/* Begin PBXGroup section */
		C897F4A726D59BB10039C5D4 = {
			isa = PBXGroup;
			children = (
				C897F4B226D59BB10039C5D4 /* Prework */,
				C897F4C926D59BB30039C5D4 /* PreworkTests */,
				C897F4D426D59BB30039C5D4 /* PreworkUITests */,
				C897F4B126D59BB10039C5D4 /* Products */,
			);
			sourceTree = "<group>";
		};
		C897F4B126D59BB10039C5D4 /* Products */ = {
			isa = PBXGroup;
			children = (
				C897F4B026D59BB10039C5D4 /* Prework.app */,
				C897F4C626D59BB30039C5D4 /* PreworkTests.xctest */,
				C897F4D126D59BB30039C5D4 /* PreworkUITests.xctest */,
			);
			name = Products;
			sourceTree = "<group>";
		};
		C897F4B226D59BB10039C5D4 /* Prework */ = {
			isa = PBXGroup;
			children = (
				C897F4B326D59BB10039C5D4 /* AppDelegate.swift */,
				C897F4B526D59BB10039C5D4 /* SceneDelegate.swift */,
				C897F4B726D59BB10039C5D4 /* ViewController.swift */,
				C897F4B926D59BB10039C5D4 /* Main.storyboard */,
				C897F4BC26D59BB30039C5D4 /* Assets.xcassets */,
				C897F4BE26D59BB30039C5D4 /* LaunchScreen.storyboard */,
				C897F4C126D59BB30039C5D4 /* Info.plist */,
			);
			path = Prework;
			sourceTree = "<group>";
		};
		C897F4C926D59BB30039C5D4 /* PreworkTests */ = {
			isa = PBXGroup;
			children = (
				C897F4CA26D59BB30039C5D4 /* PreworkTests.swift */,
				C897F4CC26D59BB30039C5D4 /* Info.plist */,
			);
			path = PreworkTests;
			sourceTree = "<group>";
		};
		C897F4D426D59BB30039C5D4 /* PreworkUITests */ = {
			isa = PBXGroup;
			children = (
				C897F4D526D59BB30039C5D4 /* PreworkUITests.swift */,
				C897F4D726D59BB30039C5D4 /* Info.plist */,
			);
			path = PreworkUITests;
			sourceTree = "<group>";
		};
/* End PBXGroup section */

/* Begin PBXNativeTarget section */
		C897F4AF26D59BB10039C5D4 /* Prework */ = {
			isa = PBXNativeTarget;
			buildConfigurationList = C897F4DA26D59BB30039C5D4 /* Build configuration list for PBXNativeTarget "Prework" */;
			buildPhases = (
				C897F4AC26D59BB10039C5D4 /* Sources */,
				C897F4AD26D59BB10039C5D4 /* Frameworks */,
				C897F4AE26D59BB10039C5D4 /* Resources */,
			);
			buildRules = (
			);
			dependencies = (
			);
			name = Prework;
			productName = Prework;
			productReference = C897F4B026D59BB10039C5D4 /* Prework.app */;
			productType = "com.apple.product-type.application";
		};
		C897F4C526D59BB30039C5D4 /* PreworkTests */ = {
			isa = PBXNativeTarget;
			buildConfigurationList = C897F4DD26D59BB30039C5D4 /* Build configuration list for PBXNativeTarget "PreworkTests" */;
			buildPhases = (
				C897F4C226D59BB30039C5D4 /* Sources */,
				C897F4C326D59BB30039C5D4 /* Frameworks */,
				C897F4C426D59BB30039C5D4 /* Resources */,
			);
			buildRules = (
			);
			dependencies = (
				C897F4C826D59BB30039C5D4 /* PBXTargetDependency */,
			);
			name = PreworkTests;
			productName = PreworkTests;
			productReference = C897F4C626D59BB30039C5D4 /* PreworkTests.xctest */;
			productType = "com.apple.product-type.bundle.unit-test";
		};
		C897F4D026D59BB30039C5D4 /* PreworkUITests */ = {
			isa = PBXNativeTarget;
			buildConfigurationList = C897F4E026D59BB30039C5D4 /* Build configuration list for PBXNativeTarget "PreworkUITests" */;
			buildPhases = (
				C897F4CD26D59BB30039C5D4 /* Sources */,
				C897F4CE26D59BB30039C5D4 /* Frameworks */,
				C897F4CF26D59BB30039C5D4 /* Resources */,
			);
			buildRules = (
			);
			dependencies = (
				C897F4D326D59BB30039C5D4 /* PBXTargetDependency */,
			);
			name = PreworkUITests;
			productName = PreworkUITests;
			productReference = C897F4D126D59BB30039C5D4 /* PreworkUITests.xctest */;
			productType = "com.apple.product-type.bundle.ui-testing";
		};
/* End PBXNativeTarget section */

/* Begin PBXProject section */
		C897F4A826D59BB10039C5D4 /* Project object */ = {
			isa = PBXProject;
			attributes = {
				LastSwiftUpdateCheck = 1250;
				LastUpgradeCheck = 1250;
				TargetAttributes = {
					C897F4AF26D59BB10039C5D4 = {
						CreatedOnToolsVersion = 12.5.1;
					};
					C897F4C526D59BB30039C5D4 = {
						CreatedOnToolsVersion = 12.5.1;
						TestTargetID = C897F4AF26D59BB10039C5D4;
					};
					C897F4D026D59BB30039C5D4 = {
						CreatedOnToolsVersion = 12.5.1;
						TestTargetID = C897F4AF26D59BB10039C5D4;
					};
				};
			};
			buildConfigurationList = C897F4AB26D59BB10039C5D4 /* Build configuration list for PBXProject "Prework" */;
			compatibilityVersion = "Xcode 9.3";
			developmentRegion = en;
			hasScannedForEncodings = 0;
			knownRegions = (
				en,
				Base,
			);
			mainGroup = C897F4A726D59BB10039C5D4;
			productRefGroup = C897F4B126D59BB10039C5D4 /* Products */;
			projectDirPath = "";
			projectRoot = "";
			targets = (
				C897F4AF26D59BB10039C5D4 /* Prework */,
				C897F4C526D59BB30039C5D4 /* PreworkTests */,
				C897F4D026D59BB30039C5D4 /* PreworkUITests */,
			);
		};
/* End PBXProject section */

/* Begin PBXResourcesBuildPhase section */
		C897F4AE26D59BB10039C5D4 /* Resources */ = {
			isa = PBXResourcesBuildPhase;
			buildActionMask = 2147483647;
			files = (
				C897F4C026D59BB30039C5D4 /* LaunchScreen.storyboard in Resources */,
				C897F4BD26D59BB30039C5D4 /* Assets.xcassets in Resources */,
				C897F4BB26D59BB10039C5D4 /* Main.storyboard in Resources */,
			);
			runOnlyForDeploymentPostprocessing = 0;
		};
		C897F4C426D59BB30039C5D4 /* Resources */ = {
			isa = PBXResourcesBuildPhase;
			buildActionMask = 2147483647;
			files = (
			);
			runOnlyForDeploymentPostprocessing = 0;
		};
		C897F4CF26D59BB30039C5D4 /* Resources */ = {
			isa = PBXResourcesBuildPhase;
			buildActionMask = 2147483647;
			files = (
			);
			runOnlyForDeploymentPostprocessing = 0;
		};
/* End PBXResourcesBuildPhase section */

/* Begin PBXSourcesBuildPhase section */
		C897F4AC26D59BB10039C5D4 /* Sources */ = {
			isa = PBXSourcesBuildPhase;
			buildActionMask = 2147483647;
			files = (
				C897F4B826D59BB10039C5D4 /* ViewController.swift in Sources */,
				C897F4B426D59BB10039C5D4 /* AppDelegate.swift in Sources */,
				C897F4B626D59BB10039C5D4 /* SceneDelegate.swift in Sources */,
			);
			runOnlyForDeploymentPostprocessing = 0;
		};
		C897F4C226D59BB30039C5D4 /* Sources */ = {
			isa = PBXSourcesBuildPhase;
			buildActionMask = 2147483647;
			files = (
				C897F4CB26D59BB30039C5D4 /* PreworkTests.swift in Sources */,
			);
			runOnlyForDeploymentPostprocessing = 0;
		};
		C897F4CD26D59BB30039C5D4 /* Sources */ = {
			isa = PBXSourcesBuildPhase;
			buildActionMask = 2147483647;
			files = (
				C897F4D626D59BB30039C5D4 /* PreworkUITests.swift in Sources */,
			);
			runOnlyForDeploymentPostprocessing = 0;
		};
/* End PBXSourcesBuildPhase section */

/* Begin PBXTargetDependency section */
		C897F4C826D59BB30039C5D4 /* PBXTargetDependency */ = {
			isa = PBXTargetDependency;
			target = C897F4AF26D59BB10039C5D4 /* Prework */;
			targetProxy = C897F4C726D59BB30039C5D4 /* PBXContainerItemProxy */;
		};
		C897F4D326D59BB30039C5D4 /* PBXTargetDependency */ = {
			isa = PBXTargetDependency;
			target = C897F4AF26D59BB10039C5D4 /* Prework */;
			targetProxy = C897F4D226D59BB30039C5D4 /* PBXContainerItemProxy */;
		};
/* End PBXTargetDependency section */

/* Begin PBXVariantGroup section */
		C897F4B926D59BB10039C5D4 /* Main.storyboard */ = {
			isa = PBXVariantGroup;
			children = (
				C897F4BA26D59BB10039C5D4 /* Base */,
			);
			name = Main.storyboard;
			sourceTree = "<group>";
		};
		C897F4BE26D59BB30039C5D4 /* LaunchScreen.storyboard */ = {
			isa = PBXVariantGroup;
			children = (
				C897F4BF26D59BB30039C5D4 /* Base */,
			);
			name = LaunchScreen.storyboard;
			sourceTree = "<group>";
		};
/* End PBXVariantGroup section */

/* Begin XCBuildConfiguration section */
		C897F4D826D59BB30039C5D4 /* Debug */ = {
			isa = XCBuildConfiguration;
			buildSettings = {
				ALWAYS_SEARCH_USER_PATHS = NO;
				CLANG_ANALYZER_NONNULL = YES;
				CLANG_ANALYZER_NUMBER_OBJECT_CONVERSION = YES_AGGRESSIVE;
				CLANG_CXX_LANGUAGE_STANDARD = "gnu++14";
				CLANG_CXX_LIBRARY = "libc++";
				CLANG_ENABLE_MODULES = YES;
				CLANG_ENABLE_OBJC_ARC = YES;
				CLANG_ENABLE_OBJC_WEAK = YES;
				CLANG_WARN_BLOCK_CAPTURE_AUTORELEASING = YES;
				CLANG_WARN_BOOL_CONVERSION = YES;
				CLANG_WARN_COMMA = YES;
				CLANG_WARN_CONSTANT_CONVERSION = YES;
				CLANG_WARN_DEPRECATED_OBJC_IMPLEMENTATIONS = YES;
				CLANG_WARN_DIRECT_OBJC_ISA_USAGE = YES_ERROR;
				CLANG_WARN_DOCUMENTATION_COMMENTS = YES;
				CLANG_WARN_EMPTY_BODY = YES;
				CLANG_WARN_ENUM_CONVERSION = YES;
				CLANG_WARN_INFINITE_RECURSION = YES;
				CLANG_WARN_INT_CONVERSION = YES;
				CLANG_WARN_NON_LITERAL_NULL_CONVERSION = YES;
				CLANG_WARN_OBJC_IMPLICIT_RETAIN_SELF = YES;
				CLANG_WARN_OBJC_LITERAL_CONVERSION = YES;
				CLANG_WARN_OBJC_ROOT_CLASS = YES_ERROR;
				CLANG_WARN_QUOTED_INCLUDE_IN_FRAMEWORK_HEADER = YES;
				CLANG_WARN_RANGE_LOOP_ANALYSIS = YES;
				CLANG_WARN_STRICT_PROTOTYPES = YES;
				CLANG_WARN_SUSPICIOUS_MOVE = YES;
				CLANG_WARN_UNGUARDED_AVAILABILITY = YES_AGGRESSIVE;
				CLANG_WARN_UNREACHABLE_CODE = YES;
				CLANG_WARN__DUPLICATE_METHOD_MATCH = YES;
				COPY_PHASE_STRIP = NO;
				DEBUG_INFORMATION_FORMAT = dwarf;
				ENABLE_STRICT_OBJC_MSGSEND = YES;
				ENABLE_TESTABILITY = YES;
				GCC_C_LANGUAGE_STANDARD = gnu11;
				GCC_DYNAMIC_NO_PIC = NO;
				GCC_NO_COMMON_BLOCKS = YES;
				GCC_OPTIMIZATION_LEVEL = 0;
				GCC_PREPROCESSOR_DEFINITIONS = (
					"DEBUG=1",
					"$(inherited)",
				);
				GCC_WARN_64_TO_32_BIT_CONVERSION = YES;
				GCC_WARN_ABOUT_RETURN_TYPE = YES_ERROR;
				GCC_WARN_UNDECLARED_SELECTOR = YES;
				GCC_WARN_UNINITIALIZED_AUTOS = YES_AGGRESSIVE;
				GCC_WARN_UNUSED_FUNCTION = YES;
				GCC_WARN_UNUSED_VARIABLE = YES;
				IPHONEOS_DEPLOYMENT_TARGET = 14.5;
				MTL_ENABLE_DEBUG_INFO = INCLUDE_SOURCE;
				MTL_FAST_MATH = YES;
				ONLY_ACTIVE_ARCH = YES;
				SDKROOT = iphoneos;
				SWIFT_ACTIVE_COMPILATION_CONDITIONS = DEBUG;
				SWIFT_OPTIMIZATION_LEVEL = "-Onone";
			};
			name = Debug;
		};
		C897F4D926D59BB30039C5D4 /* Release */ = {
			isa = XCBuildConfiguration;
			buildSettings = {
				ALWAYS_SEARCH_USER_PATHS = NO;
				CLANG_ANALYZER_NONNULL = YES;
				CLANG_ANALYZER_NUMBER_OBJECT_CONVERSION = YES_AGGRESSIVE;
				CLANG_CXX_LANGUAGE_STANDARD = "gnu++14";
				CLANG_CXX_LIBRARY = "libc++";
				CLANG_ENABLE_MODULES = YES;
				CLANG_ENABLE_OBJC_ARC = YES;
				CLANG_ENABLE_OBJC_WEAK = YES;
				CLANG_WARN_BLOCK_CAPTURE_AUTORELEASING = YES;
				CLANG_WARN_BOOL_CONVERSION = YES;
				CLANG_WARN_COMMA = YES;
				CLANG_WARN_CONSTANT_CONVERSION = YES;
				CLANG_WARN_DEPRECATED_OBJC_IMPLEMENTATIONS = YES;
				CLANG_WARN_DIRECT_OBJC_ISA_USAGE = YES_ERROR;
				CLANG_WARN_DOCUMENTATION_COMMENTS = YES;
				CLANG_WARN_EMPTY_BODY = YES;
				CLANG_WARN_ENUM_CONVERSION = YES;
				CLANG_WARN_INFINITE_RECURSION = YES;
				CLANG_WARN_INT_CONVERSION = YES;
				CLANG_WARN_NON_LITERAL_NULL_CONVERSION = YES;
				CLANG_WARN_OBJC_IMPLICIT_RETAIN_SELF = YES;
				CLANG_WARN_OBJC_LITERAL_CONVERSION = YES;
				CLANG_WARN_OBJC_ROOT_CLASS = YES_ERROR;
				CLANG_WARN_QUOTED_INCLUDE_IN_FRAMEWORK_HEADER = YES;
				CLANG_WARN_RANGE_LOOP_ANALYSIS = YES;
				CLANG_WARN_STRICT_PROTOTYPES = YES;
				CLANG_WARN_SUSPICIOUS_MOVE = YES;
				CLANG_WARN_UNGUARDED_AVAILABILITY = YES_AGGRESSIVE;
				CLANG_WARN_UNREACHABLE_CODE = YES;
				CLANG_WARN__DUPLICATE_METHOD_MATCH = YES;
				COPY_PHASE_STRIP = NO;
				DEBUG_INFORMATION_FORMAT = "dwarf-with-dsym";
				ENABLE_NS_ASSERTIONS = NO;
				ENABLE_STRICT_OBJC_MSGSEND = YES;
				GCC_C_LANGUAGE_STANDARD = gnu11;
				GCC_NO_COMMON_BLOCKS = YES;
				GCC_WARN_64_TO_32_BIT_CONVERSION = YES;
				GCC_WARN_ABOUT_RETURN_TYPE = YES_ERROR;
				GCC_WARN_UNDECLARED_SELECTOR = YES;
				GCC_WARN_UNINITIALIZED_AUTOS = YES_AGGRESSIVE;
				GCC_WARN_UNUSED_FUNCTION = YES;
				GCC_WARN_UNUSED_VARIABLE = YES;
				IPHONEOS_DEPLOYMENT_TARGET = 14.5;
				MTL_ENABLE_DEBUG_INFO = NO;
				MTL_FAST_MATH = YES;
				SDKROOT = iphoneos;
				SWIFT_COMPILATION_MODE = wholemodule;
				SWIFT_OPTIMIZATION_LEVEL = "-O";
				VALIDATE_PRODUCT = YES;
			};
			name = Release;
		};
		C897F4DB26D59BB30039C5D4 /* Debug */ = {
			isa = XCBuildConfiguration;
			buildSettings = {
				ASSETCATALOG_COMPILER_APPICON_NAME = AppIcon;
				ASSETCATALOG_COMPILER_GLOBAL_ACCENT_COLOR_NAME = AccentColor;
				CODE_SIGN_STYLE = Automatic;
				INFOPLIST_FILE = Prework/Info.plist;
				LD_RUNPATH_SEARCH_PATHS = (
					"$(inherited)",
					"@executable_path/Frameworks",
				);
				PRODUCT_BUNDLE_IDENTIFIER = com.davidrojas.Prework;
				PRODUCT_NAME = "$(TARGET_NAME)";
				SWIFT_VERSION = 5.0;
				TARGETED_DEVICE_FAMILY = "1,2";
			};
			name = Debug;
		};
		C897F4DC26D59BB30039C5D4 /* Release */ = {
			isa = XCBuildConfiguration;
			buildSettings = {
				ASSETCATALOG_COMPILER_APPICON_NAME = AppIcon;
				ASSETCATALOG_COMPILER_GLOBAL_ACCENT_COLOR_NAME = AccentColor;
				CODE_SIGN_STYLE = Automatic;
				INFOPLIST_FILE = Prework/Info.plist;
				LD_RUNPATH_SEARCH_PATHS = (
					"$(inherited)",
					"@executable_path/Frameworks",
				);
				PRODUCT_BUNDLE_IDENTIFIER = com.davidrojas.Prework;
				PRODUCT_NAME = "$(TARGET_NAME)";
				SWIFT_VERSION = 5.0;
				TARGETED_DEVICE_FAMILY = "1,2";
			};
			name = Release;
		};
		C897F4DE26D59BB30039C5D4 /* Debug */ = {
			isa = XCBuildConfiguration;
			buildSettings = {
				ALWAYS_EMBED_SWIFT_STANDARD_LIBRARIES = YES;
				BUNDLE_LOADER = "$(TEST_HOST)";
				CODE_SIGN_STYLE = Automatic;
				INFOPLIST_FILE = PreworkTests/Info.plist;
				IPHONEOS_DEPLOYMENT_TARGET = 14.5;
				LD_RUNPATH_SEARCH_PATHS = (
					"$(inherited)",
					"@executable_path/Frameworks",
					"@loader_path/Frameworks",
				);
				PRODUCT_BUNDLE_IDENTIFIER = com.davidrojas.PreworkTests;
				PRODUCT_NAME = "$(TARGET_NAME)";
				SWIFT_VERSION = 5.0;
				TARGETED_DEVICE_FAMILY = "1,2";
				TEST_HOST = "$(BUILT_PRODUCTS_DIR)/Prework.app/Prework";
			};
			name = Debug;
		};
		C897F4DF26D59BB30039C5D4 /* Release */ = {
			isa = XCBuildConfiguration;
			buildSettings = {
				ALWAYS_EMBED_SWIFT_STANDARD_LIBRARIES = YES;
				BUNDLE_LOADER = "$(TEST_HOST)";
				CODE_SIGN_STYLE = Automatic;
				INFOPLIST_FILE = PreworkTests/Info.plist;
				IPHONEOS_DEPLOYMENT_TARGET = 14.5;
				LD_RUNPATH_SEARCH_PATHS = (
					"$(inherited)",
					"@executable_path/Frameworks",
					"@loader_path/Frameworks",
				);
				PRODUCT_BUNDLE_IDENTIFIER = com.davidrojas.PreworkTests;
				PRODUCT_NAME = "$(TARGET_NAME)";
				SWIFT_VERSION = 5.0;
				TARGETED_DEVICE_FAMILY = "1,2";
				TEST_HOST = "$(BUILT_PRODUCTS_DIR)/Prework.app/Prework";
			};
			name = Release;
		};
		C897F4E126D59BB30039C5D4 /* Debug */ = {
			isa = XCBuildConfiguration;
			buildSettings = {
				ALWAYS_EMBED_SWIFT_STANDARD_LIBRARIES = YES;
				CODE_SIGN_STYLE = Automatic;
				INFOPLIST_FILE = PreworkUITests/Info.plist;
				LD_RUNPATH_SEARCH_PATHS = (
					"$(inherited)",
					"@executable_path/Frameworks",
					"@loader_path/Frameworks",
				);
				PRODUCT_BUNDLE_IDENTIFIER = com.davidrojas.PreworkUITests;
				PRODUCT_NAME = "$(TARGET_NAME)";
				SWIFT_VERSION = 5.0;
				TARGETED_DEVICE_FAMILY = "1,2";
				TEST_TARGET_NAME = Prework;
			};
			name = Debug;
		};
		C897F4E226D59BB30039C5D4 /* Release */ = {
			isa = XCBuildConfiguration;
			buildSettings = {
				ALWAYS_EMBED_SWIFT_STANDARD_LIBRARIES = YES;
				CODE_SIGN_STYLE = Automatic;
				INFOPLIST_FILE = PreworkUITests/Info.plist;
				LD_RUNPATH_SEARCH_PATHS = (
					"$(inherited)",
					"@executable_path/Frameworks",
					"@loader_path/Frameworks",
				);
				PRODUCT_BUNDLE_IDENTIFIER = com.davidrojas.PreworkUITests;
				PRODUCT_NAME = "$(TARGET_NAME)";
				SWIFT_VERSION = 5.0;
				TARGETED_DEVICE_FAMILY = "1,2";
				TEST_TARGET_NAME = Prework;
			};
			name = Release;
		};
/* End XCBuildConfiguration section */

/* Begin XCConfigurationList section */
		C897F4AB26D59BB10039C5D4 /* Build configuration list for PBXProject "Prework" */ = {
			isa = XCConfigurationList;
			buildConfigurations = (
				C897F4D826D59BB30039C5D4 /* Debug */,
				C897F4D926D59BB30039C5D4 /* Release */,
			);
			defaultConfigurationIsVisible = 0;
			defaultConfigurationName = Release;
		};
		C897F4DA26D59BB30039C5D4 /* Build configuration list for PBXNativeTarget "Prework" */ = {
			isa = XCConfigurationList;
			buildConfigurations = (
				C897F4DB26D59BB30039C5D4 /* Debug */,
				C897F4DC26D59BB30039C5D4 /* Release */,
			);
			defaultConfigurationIsVisible = 0;
			defaultConfigurationName = Release;
		};
		C897F4DD26D59BB30039C5D4 /* Build configuration list for PBXNativeTarget "PreworkTests" */ = {
			isa = XCConfigurationList;
			buildConfigurations = (
				C897F4DE26D59BB30039C5D4 /* Debug */,
				C897F4DF26D59BB30039C5D4 /* Release */,
			);
			defaultConfigurationIsVisible = 0;
			defaultConfigurationName = Release;
		};
		C897F4E026D59BB30039C5D4 /* Build configuration list for PBXNativeTarget "PreworkUITests" */ = {
			isa = XCConfigurationList;
			buildConfigurations = (
				C897F4E126D59BB30039C5D4 /* Debug */,
				C897F4E226D59BB30039C5D4 /* Release */,
			);
			defaultConfigurationIsVisible = 0;
			defaultConfigurationName = Release;
		};
/* End XCConfigurationList section */
	};
	rootObject = C897F4A826D59BB10039C5D4 /* Project object */;
}
